
Microsoft Visual Studio Solution File, Format Version 12.00
# Visual Studio Version 17
VisualStudioVersion = 17.9.34622.214
MinimumVisualStudioVersion = 10.0.40219.1
Project("{FAE04EC0-301F-11D3-BF4B-00C04F79EFBC}") = "EduConnectRestApi", "EduConnectRestApi\EduConnectRestApi.csproj", "{A9C10C5A-41C8-4726-9EC4-BB654409F09C}"
EndProject
Global
	GlobalSection(SolutionConfigurationPlatforms) = preSolution
		Debug|Any CPU = Debug|Any CPU
		Release|Any CPU = Release|Any CPU
	EndGlobalSection
	GlobalSection(ProjectConfigurationPlatforms) = postSolution
		{A9C10C5A-41C8-4726-9EC4-BB654409F09C}.Debug|Any CPU.ActiveCfg = Debug|Any CPU
		{A9C10C5A-41C8-4726-9EC4-BB654409F09C}.Debug|Any CPU.Build.0 = Debug|Any CPU
		{A9C10C5A-41C8-4726-9EC4-BB654409F09C}.Release|Any CPU.ActiveCfg = Release|Any CPU
		{A9C10C5A-41C8-4726-9EC4-BB654409F09C}.Release|Any CPU.Build.0 = Release|Any CPU
	EndGlobalSection
	GlobalSection(SolutionProperties) = preSolution
		HideSolutionNode = FALSE
	EndGlobalSection
	GlobalSection(ExtensibilityGlobals) = postSolution
		SolutionGuid = {473B8E1F-DDFD-4304-99CE-D12711A596C6}
	EndGlobalSection
EndGlobal
